
Microsoft Visual Studio Solution File, Format Version 12.00
# Visual Studio Version 16
VisualStudioVersion = 16.0.30907.101
MinimumVisualStudioVersion = 10.0.40219.1
Project("{FAE04EC0-301F-11D3-BF4B-00C04F79EFBC}") = "Basic Project", "Basic Project\Basic Project.csproj", "{A7E86BA0-C49D-450F-ABAA-8596902B2269}"
EndProject
Global
	GlobalSection(SolutionConfigurationPlatforms) = preSolution
		Debug|Any CPU = Debug|Any CPU
		Release|Any CPU = Release|Any CPU
	EndGlobalSection
	GlobalSection(ProjectConfigurationPlatforms) = postSolution
		{A7E86BA0-C49D-450F-ABAA-8596902B2269}.Debug|Any CPU.ActiveCfg = Debug|Any CPU
		{A7E86BA0-C49D-450F-ABAA-8596902B2269}.Debug|Any CPU.Build.0 = Debug|Any CPU
		{A7E86BA0-C49D-450F-ABAA-8596902B2269}.Debug|Any CPU.Deploy.0 = Debug|Any CPU
		{A7E86BA0-C49D-450F-ABAA-8596902B2269}.Release|Any CPU.ActiveCfg = Release|Any CPU
		{A7E86BA0-C49D-450F-ABAA-8596902B2269}.Release|Any CPU.Build.0 = Release|Any CPU
		{A7E86BA0-C49D-450F-ABAA-8596902B2269}.Release|Any CPU.Deploy.0 = Release|Any CPU
	EndGlobalSection
	GlobalSection(SolutionProperties) = preSolution
		HideSolutionNode = FALSE
	EndGlobalSection
	GlobalSection(ExtensibilityGlobals) = postSolution
		SolutionGuid = {B21A1794-2706-4AC3-B27E-5F29BED61907}
	EndGlobalSection
EndGlobal
